
Microsoft Visual Studio Solution File, Format Version 12.00
# Visual Studio Version 16
VisualStudioVersion = 16.0.30320.27
MinimumVisualStudioVersion = 10.0.40219.1
Project("{FAE04EC0-301F-11D3-BF4B-00C04F79EFBC}") = "AngularAPI", "AngularAPI\AngularAPI.csproj", "{6018C994-DCA1-4A9D-A31A-F6B2295AB15C}"
EndProject
Global
	GlobalSection(SolutionConfigurationPlatforms) = preSolution
		Debug|Any CPU = Debug|Any CPU
		Release|Any CPU = Release|Any CPU
	EndGlobalSection
	GlobalSection(ProjectConfigurationPlatforms) = postSolution
		{6018C994-DCA1-4A9D-A31A-F6B2295AB15C}.Debug|Any CPU.ActiveCfg = Debug|Any CPU
		{6018C994-DCA1-4A9D-A31A-F6B2295AB15C}.Debug|Any CPU.Build.0 = Debug|Any CPU
		{6018C994-DCA1-4A9D-A31A-F6B2295AB15C}.Release|Any CPU.ActiveCfg = Release|Any CPU
		{6018C994-DCA1-4A9D-A31A-F6B2295AB15C}.Release|Any CPU.Build.0 = Release|Any CPU
	EndGlobalSection
	GlobalSection(SolutionProperties) = preSolution
		HideSolutionNode = FALSE
	EndGlobalSection
	GlobalSection(ExtensibilityGlobals) = postSolution
		SolutionGuid = {C74D98DB-B768-4098-9023-C0497450FAFD}
	EndGlobalSection
EndGlobal
